# This file is automatically @generated by Cargo.
# It is not intended for manual editing.
version = 4

[[package]]
name = "wmms-core"
version = "0.1.0"

[[package]]
name = "wmms-mechanics"
version = "0.1.0"

[[package]]
name = "wmms-model"
version = "0.1.0"

[[package]]
name = "wmms-runtime"
version = "0.1.0"

[[package]]
name = "wmms-signals"
version = "0.1.0"

[[package]]
name = "wmms-storage"
version = "0.1.0"

[[package]]
name = "wmms-toolings"
version = "0.1.0"

[[package]]
name = "wmmsf-aspects"
version = "0.1.0"

[[package]]
name = "wmmsf-assets"
version = "0.1.0"

[[package]]
name = "world-cli"
version = "0.1.0"
